# THIS IS AN AUTOGENERATED FILE. DO NOT EDIT THIS FILE DIRECTLY.
# yarn lockfile v1


router-stupid@^0.7.0:
  version "0.7.0"
  resolved "https://registry.yarnpkg.com/router-stupid/-/router-stupid-0.7.0.tgz#2de294ca27ef49d64963d7038436e7e5d6e5c55f"

servedir@^1.0.1:
  version "1.0.1"
  resolved "https://registry.yarnpkg.com/servedir/-/servedir-1.0.1.tgz#67a67b192897403ebef0a4888f5bc6ee756b511b"
  dependencies:
    router-stupid "^0.7.0"
